// !$*UTF8*$!
{
	archiveVersion = 1;
	classes = {
	};
	objectVersion = 56;
	objects = {

/* Begin PBXBuildFile section */
		55CE18872932720B007575B6 /* ToothpickLayoutApp.swift in Sources */ = {isa = PBXBuildFile; fileRef = 55CE18862932720B007575B6 /* ToothpickLayoutApp.swift */; };
		55CE18892932720B007575B6 /* ContentView.swift in Sources */ = {isa = PBXBuildFile; fileRef = 55CE18882932720B007575B6 /* ContentView.swift */; };
		55CE188B2932720F007575B6 /* Assets.xcassets in Resources */ = {isa = PBXBuildFile; fileRef = 55CE188A2932720F007575B6 /* Assets.xcassets */; };
		55CE188E2932720F007575B6 /* Preview Assets.xcassets in Resources */ = {isa = PBXBuildFile; fileRef = 55CE188D2932720F007575B6 /* Preview Assets.xcassets */; };
		55CE189629327291007575B6 /* ToothpickView.swift in Sources */ = {isa = PBXBuildFile; fileRef = 55CE189529327291007575B6 /* ToothpickView.swift */; };
		55CE189829327312007575B6 /* SeparatorView.swift in Sources */ = {isa = PBXBuildFile; fileRef = 55CE189729327312007575B6 /* SeparatorView.swift */; };
		55CE189A29327D84007575B6 /* SeparatorLine.swift in Sources */ = {isa = PBXBuildFile; fileRef = 55CE189929327D84007575B6 /* SeparatorLine.swift */; };
		55CE189D29327FD3007575B6 /* SVGView in Frameworks */ = {isa = PBXBuildFile; productRef = 55CE189C29327FD3007575B6 /* SVGView */; };
		55CE189F2932803A007575B6 /* ad.svg in Resources */ = {isa = PBXBuildFile; fileRef = 55CE189E2932803A007575B6 /* ad.svg */; };
		55CE18A329328BA7007575B6 /* ViewModel.swift in Sources */ = {isa = PBXBuildFile; fileRef = 55CE18A229328BA7007575B6 /* ViewModel.swift */; };
/* End PBXBuildFile section */

/* Begin PBXFileReference section */
		55CE18832932720B007575B6 /* ToothpickLayout.app */ = {isa = PBXFileReference; explicitFileType = wrapper.application; includeInIndex = 0; path = ToothpickLayout.app; sourceTree = BUILT_PRODUCTS_DIR; };
		55CE18862932720B007575B6 /* ToothpickLayoutApp.swift */ = {isa = PBXFileReference; lastKnownFileType = sourcecode.swift; path = ToothpickLayoutApp.swift; sourceTree = "<group>"; };
		55CE18882932720B007575B6 /* ContentView.swift */ = {isa = PBXFileReference; lastKnownFileType = sourcecode.swift; path = ContentView.swift; sourceTree = "<group>"; };
		55CE188A2932720F007575B6 /* Assets.xcassets */ = {isa = PBXFileReference; lastKnownFileType = folder.assetcatalog; path = Assets.xcassets; sourceTree = "<group>"; };
		55CE188D2932720F007575B6 /* Preview Assets.xcassets */ = {isa = PBXFileReference; lastKnownFileType = folder.assetcatalog; path = "Preview Assets.xcassets"; sourceTree = "<group>"; };
		55CE188F2932720F007575B6 /* ToothpickLayout.entitlements */ = {isa = PBXFileReference; lastKnownFileType = text.plist.entitlements; path = ToothpickLayout.entitlements; sourceTree = "<group>"; };
		55CE189529327291007575B6 /* ToothpickView.swift */ = {isa = PBXFileReference; lastKnownFileType = sourcecode.swift; path = ToothpickView.swift; sourceTree = "<group>"; };
		55CE189729327312007575B6 /* SeparatorView.swift */ = {isa = PBXFileReference; lastKnownFileType = sourcecode.swift; path = SeparatorView.swift; sourceTree = "<group>"; };
		55CE189929327D84007575B6 /* SeparatorLine.swift */ = {isa = PBXFileReference; lastKnownFileType = sourcecode.swift; path = SeparatorLine.swift; sourceTree = "<group>"; };
		55CE189E2932803A007575B6 /* ad.svg */ = {isa = PBXFileReference; fileEncoding = 4; lastKnownFileType = text; path = ad.svg; sourceTree = "<group>"; };
		55CE18A229328BA7007575B6 /* ViewModel.swift */ = {isa = PBXFileReference; lastKnownFileType = sourcecode.swift; path = ViewModel.swift; sourceTree = "<group>"; };
/* End PBXFileReference section */

/* Begin PBXFrameworksBuildPhase section */
		55CE18802932720B007575B6 /* Frameworks */ = {
			isa = PBXFrameworksBuildPhase;
			buildActionMask = 2147483647;
			files = (
				55CE189D29327FD3007575B6 /* SVGView in Frameworks */,
			);
			runOnlyForDeploymentPostprocessing = 0;
		};
/* End PBXFrameworksBuildPhase section */

/* Begin PBXGroup section */
		55CE187A2932720B007575B6 = {
			isa = PBXGroup;
			children = (
				55CE18852932720B007575B6 /* ToothpickLayout */,
				55CE18842932720B007575B6 /* Products */,
			);
			sourceTree = "<group>";
		};
		55CE18842932720B007575B6 /* Products */ = {
			isa = PBXGroup;
			children = (
				55CE18832932720B007575B6 /* ToothpickLayout.app */,
			);
			name = Products;
			sourceTree = "<group>";
		};
		55CE18852932720B007575B6 /* ToothpickLayout */ = {
			isa = PBXGroup;
			children = (
				55CE18862932720B007575B6 /* ToothpickLayoutApp.swift */,
				55CE18A229328BA7007575B6 /* ViewModel.swift */,
				55CE18A429328BFC007575B6 /* Views */,
				55CE189E2932803A007575B6 /* ad.svg */,
				55CE188A2932720F007575B6 /* Assets.xcassets */,
				55CE188F2932720F007575B6 /* ToothpickLayout.entitlements */,
				55CE188C2932720F007575B6 /* Preview Content */,
			);
			path = ToothpickLayout;
			sourceTree = "<group>";
		};
		55CE188C2932720F007575B6 /* Preview Content */ = {
			isa = PBXGroup;
			children = (
				55CE188D2932720F007575B6 /* Preview Assets.xcassets */,
			);
			path = "Preview Content";
			sourceTree = "<group>";
		};
		55CE18A429328BFC007575B6 /* Views */ = {
			isa = PBXGroup;
			children = (
				55CE18882932720B007575B6 /* ContentView.swift */,
				55CE189529327291007575B6 /* ToothpickView.swift */,
				55CE189729327312007575B6 /* SeparatorView.swift */,
				55CE189929327D84007575B6 /* SeparatorLine.swift */,
			);
			path = Views;
			sourceTree = "<group>";
		};
/* End PBXGroup section */

/* Begin PBXNativeTarget section */
		55CE18822932720B007575B6 /* ToothpickLayout */ = {
			isa = PBXNativeTarget;
			buildConfigurationList = 55CE18922932720F007575B6 /* Build configuration list for PBXNativeTarget "ToothpickLayout" */;
			buildPhases = (
				55CE187F2932720B007575B6 /* Sources */,
				55CE18802932720B007575B6 /* Frameworks */,
				55CE18812932720B007575B6 /* Resources */,
			);
			buildRules = (
			);
			dependencies = (
			);
			name = ToothpickLayout;
			packageProductDependencies = (
				55CE189C29327FD3007575B6 /* SVGView */,
			);
			productName = ToothpickLayout;
			productReference = 55CE18832932720B007575B6 /* ToothpickLayout.app */;
			productType = "com.apple.product-type.application";
		};
/* End PBXNativeTarget section */

/* Begin PBXProject section */
		55CE187B2932720B007575B6 /* Project object */ = {
			isa = PBXProject;
			attributes = {
				BuildIndependentTargetsInParallel = 1;
				LastSwiftUpdateCheck = 1400;
				LastUpgradeCheck = 1400;
				TargetAttributes = {
					55CE18822932720B007575B6 = {
						CreatedOnToolsVersion = 14.0;
					};
				};
			};
			buildConfigurationList = 55CE187E2932720B007575B6 /* Build configuration list for PBXProject "ToothpickLayout" */;
			compatibilityVersion = "Xcode 14.0";
			developmentRegion = en;
			hasScannedForEncodings = 0;
			knownRegions = (
				en,
				Base,
			);
			mainGroup = 55CE187A2932720B007575B6;
			packageReferences = (
				55CE189B29327FD3007575B6 /* XCRemoteSwiftPackageReference "SVGView" */,
			);
			productRefGroup = 55CE18842932720B007575B6 /* Products */;
			projectDirPath = "";
			projectRoot = "";
			targets = (
				55CE18822932720B007575B6 /* ToothpickLayout */,
			);
		};
/* End PBXProject section */

/* Begin PBXResourcesBuildPhase section */
		55CE18812932720B007575B6 /* Resources */ = {
			isa = PBXResourcesBuildPhase;
			buildActionMask = 2147483647;
			files = (
				55CE189F2932803A007575B6 /* ad.svg in Resources */,
				55CE188E2932720F007575B6 /* Preview Assets.xcassets in Resources */,
				55CE188B2932720F007575B6 /* Assets.xcassets in Resources */,
			);
			runOnlyForDeploymentPostprocessing = 0;
		};
/* End PBXResourcesBuildPhase section */

/* Begin PBXSourcesBuildPhase section */
		55CE187F2932720B007575B6 /* Sources */ = {
			isa = PBXSourcesBuildPhase;
			buildActionMask = 2147483647;
			files = (
				55CE18892932720B007575B6 /* ContentView.swift in Sources */,
				55CE18872932720B007575B6 /* ToothpickLayoutApp.swift in Sources */,
				55CE189A29327D84007575B6 /* SeparatorLine.swift in Sources */,
				55CE189829327312007575B6 /* SeparatorView.swift in Sources */,
				55CE18A329328BA7007575B6 /* ViewModel.swift in Sources */,
				55CE189629327291007575B6 /* ToothpickView.swift in Sources */,
			);
			runOnlyForDeploymentPostprocessing = 0;
		};
/* End PBXSourcesBuildPhase section */

/* Begin XCBuildConfiguration section */
		55CE18902932720F007575B6 /* Debug */ = {
			isa = XCBuildConfiguration;
			buildSettings = {
				ALWAYS_SEARCH_USER_PATHS = NO;
				CLANG_ANALYZER_NONNULL = YES;
				CLANG_ANALYZER_NUMBER_OBJECT_CONVERSION = YES_AGGRESSIVE;
				CLANG_CXX_LANGUAGE_STANDARD = "gnu++20";
				CLANG_ENABLE_MODULES = YES;
				CLANG_ENABLE_OBJC_ARC = YES;
				CLANG_ENABLE_OBJC_WEAK = YES;
				CLANG_WARN_BLOCK_CAPTURE_AUTORELEASING = YES;
				CLANG_WARN_BOOL_CONVERSION = YES;
				CLANG_WARN_COMMA = YES;
				CLANG_WARN_CONSTANT_CONVERSION = YES;
				CLANG_WARN_DEPRECATED_OBJC_IMPLEMENTATIONS = YES;
				CLANG_WARN_DIRECT_OBJC_ISA_USAGE = YES_ERROR;
				CLANG_WARN_DOCUMENTATION_COMMENTS = YES;
				CLANG_WARN_EMPTY_BODY = YES;
				CLANG_WARN_ENUM_CONVERSION = YES;
				CLANG_WARN_INFINITE_RECURSION = YES;
				CLANG_WARN_INT_CONVERSION = YES;
				CLANG_WARN_NON_LITERAL_NULL_CONVERSION = YES;
				CLANG_WARN_OBJC_IMPLICIT_RETAIN_SELF = YES;
				CLANG_WARN_OBJC_LITERAL_CONVERSION = YES;
				CLANG_WARN_OBJC_ROOT_CLASS = YES_ERROR;
				CLANG_WARN_QUOTED_INCLUDE_IN_FRAMEWORK_HEADER = YES;
				CLANG_WARN_RANGE_LOOP_ANALYSIS = YES;
				CLANG_WARN_STRICT_PROTOTYPES = YES;
				CLANG_WARN_SUSPICIOUS_MOVE = YES;
				CLANG_WARN_UNGUARDED_AVAILABILITY = YES_AGGRESSIVE;
				CLANG_WARN_UNREACHABLE_CODE = YES;
				CLANG_WARN__DUPLICATE_METHOD_MATCH = YES;
				COPY_PHASE_STRIP = NO;
				DEBUG_INFORMATION_FORMAT = dwarf;
				ENABLE_STRICT_OBJC_MSGSEND = YES;
				ENABLE_TESTABILITY = YES;
				GCC_C_LANGUAGE_STANDARD = gnu11;
				GCC_DYNAMIC_NO_PIC = NO;
				GCC_NO_COMMON_BLOCKS = YES;
				GCC_OPTIMIZATION_LEVEL = 0;
				GCC_PREPROCESSOR_DEFINITIONS = (
					"DEBUG=1",
					"$(inherited)",
				);
				GCC_WARN_64_TO_32_BIT_CONVERSION = YES;
				GCC_WARN_ABOUT_RETURN_TYPE = YES_ERROR;
				GCC_WARN_UNDECLARED_SELECTOR = YES;
				GCC_WARN_UNINITIALIZED_AUTOS = YES_AGGRESSIVE;
				GCC_WARN_UNUSED_FUNCTION = YES;
				GCC_WARN_UNUSED_VARIABLE = YES;
				MACOSX_DEPLOYMENT_TARGET = 12.3;
				MTL_ENABLE_DEBUG_INFO = INCLUDE_SOURCE;
				MTL_FAST_MATH = YES;
				ONLY_ACTIVE_ARCH = YES;
				SDKROOT = macosx;
				SWIFT_ACTIVE_COMPILATION_CONDITIONS = DEBUG;
				SWIFT_OPTIMIZATION_LEVEL = "-Onone";
			};
			name = Debug;
		};
		55CE18912932720F007575B6 /* Release */ = {
			isa = XCBuildConfiguration;
			buildSettings = {
				ALWAYS_SEARCH_USER_PATHS = NO;
				CLANG_ANALYZER_NONNULL = YES;
				CLANG_ANALYZER_NUMBER_OBJECT_CONVERSION = YES_AGGRESSIVE;
				CLANG_CXX_LANGUAGE_STANDARD = "gnu++20";
				CLANG_ENABLE_MODULES = YES;
				CLANG_ENABLE_OBJC_ARC = YES;
				CLANG_ENABLE_OBJC_WEAK = YES;
				CLANG_WARN_BLOCK_CAPTURE_AUTORELEASING = YES;
				CLANG_WARN_BOOL_CONVERSION = YES;
				CLANG_WARN_COMMA = YES;
				CLANG_WARN_CONSTANT_CONVERSION = YES;
				CLANG_WARN_DEPRECATED_OBJC_IMPLEMENTATIONS = YES;
				CLANG_WARN_DIRECT_OBJC_ISA_USAGE = YES_ERROR;
				CLANG_WARN_DOCUMENTATION_COMMENTS = YES;
				CLANG_WARN_EMPTY_BODY = YES;
				CLANG_WARN_ENUM_CONVERSION = YES;
				CLANG_WARN_INFINITE_RECURSION = YES;
				CLANG_WARN_INT_CONVERSION = YES;
				CLANG_WARN_NON_LITERAL_NULL_CONVERSION = YES;
				CLANG_WARN_OBJC_IMPLICIT_RETAIN_SELF = YES;
				CLANG_WARN_OBJC_LITERAL_CONVERSION = YES;
				CLANG_WARN_OBJC_ROOT_CLASS = YES_ERROR;
				CLANG_WARN_QUOTED_INCLUDE_IN_FRAMEWORK_HEADER = YES;
				CLANG_WARN_RANGE_LOOP_ANALYSIS = YES;
				CLANG_WARN_STRICT_PROTOTYPES = YES;
				CLANG_WARN_SUSPICIOUS_MOVE = YES;
				CLANG_WARN_UNGUARDED_AVAILABILITY = YES_AGGRESSIVE;
				CLANG_WARN_UNREACHABLE_CODE = YES;
				CLANG_WARN__DUPLICATE_METHOD_MATCH = YES;
				COPY_PHASE_STRIP = NO;
				DEBUG_INFORMATION_FORMAT = "dwarf-with-dsym";
				ENABLE_NS_ASSERTIONS = NO;
				ENABLE_STRICT_OBJC_MSGSEND = YES;
				GCC_C_LANGUAGE_STANDARD = gnu11;
				GCC_NO_COMMON_BLOCKS = YES;
				GCC_WARN_64_TO_32_BIT_CONVERSION = YES;
				GCC_WARN_ABOUT_RETURN_TYPE = YES_ERROR;
				GCC_WARN_UNDECLARED_SELECTOR = YES;
				GCC_WARN_UNINITIALIZED_AUTOS = YES_AGGRESSIVE;
				GCC_WARN_UNUSED_FUNCTION = YES;
				GCC_WARN_UNUSED_VARIABLE = YES;
				MACOSX_DEPLOYMENT_TARGET = 12.3;
				MTL_ENABLE_DEBUG_INFO = NO;
				MTL_FAST_MATH = YES;
				SDKROOT = macosx;
				SWIFT_COMPILATION_MODE = wholemodule;
				SWIFT_OPTIMIZATION_LEVEL = "-O";
			};
			name = Release;
		};
		55CE18932932720F007575B6 /* Debug */ = {
			isa = XCBuildConfiguration;
			buildSettings = {
				ASSETCATALOG_COMPILER_APPICON_NAME = AppIcon;
				ASSETCATALOG_COMPILER_GLOBAL_ACCENT_COLOR_NAME = AccentColor;
				CODE_SIGN_ENTITLEMENTS = ToothpickLayout/ToothpickLayout.entitlements;
				CODE_SIGN_STYLE = Automatic;
				COMBINE_HIDPI_IMAGES = YES;
				CURRENT_PROJECT_VERSION = 1;
				DEVELOPMENT_ASSET_PATHS = "\"ToothpickLayout/Preview Content\"";
				DEVELOPMENT_TEAM = 5PD3WD5BAH;
				ENABLE_HARDENED_RUNTIME = YES;
				ENABLE_PREVIEWS = YES;
				GENERATE_INFOPLIST_FILE = YES;
				INFOPLIST_KEY_NSHumanReadableCopyright = "";
				LD_RUNPATH_SEARCH_PATHS = (
					"$(inherited)",
					"@executable_path/../Frameworks",
				);
				MARKETING_VERSION = 1.0;
				PRODUCT_BUNDLE_IDENTIFIER = av.personal.ToothpickLayout;
				PRODUCT_NAME = "$(TARGET_NAME)";
				SWIFT_EMIT_LOC_STRINGS = YES;
				SWIFT_VERSION = 5.0;
			};
			name = Debug;
		};
		55CE18942932720F007575B6 /* Release */ = {
			isa = XCBuildConfiguration;
			buildSettings = {
				ASSETCATALOG_COMPILER_APPICON_NAME = AppIcon;
				ASSETCATALOG_COMPILER_GLOBAL_ACCENT_COLOR_NAME = AccentColor;
				CODE_SIGN_ENTITLEMENTS = ToothpickLayout/ToothpickLayout.entitlements;
				CODE_SIGN_STYLE = Automatic;
				COMBINE_HIDPI_IMAGES = YES;
				CURRENT_PROJECT_VERSION = 1;
				DEVELOPMENT_ASSET_PATHS = "\"ToothpickLayout/Preview Content\"";
				DEVELOPMENT_TEAM = 5PD3WD5BAH;
				ENABLE_HARDENED_RUNTIME = YES;
				ENABLE_PREVIEWS = YES;
				GENERATE_INFOPLIST_FILE = YES;
				INFOPLIST_KEY_NSHumanReadableCopyright = "";
				LD_RUNPATH_SEARCH_PATHS = (
					"$(inherited)",
					"@executable_path/../Frameworks",
				);
				MARKETING_VERSION = 1.0;
				PRODUCT_BUNDLE_IDENTIFIER = av.personal.ToothpickLayout;
				PRODUCT_NAME = "$(TARGET_NAME)";
				SWIFT_EMIT_LOC_STRINGS = YES;
				SWIFT_VERSION = 5.0;
			};
			name = Release;
		};
/* End XCBuildConfiguration section */

/* Begin XCConfigurationList section */
		55CE187E2932720B007575B6 /* Build configuration list for PBXProject "ToothpickLayout" */ = {
			isa = XCConfigurationList;
			buildConfigurations = (
				55CE18902932720F007575B6 /* Debug */,
				55CE18912932720F007575B6 /* Release */,
			);
			defaultConfigurationIsVisible = 0;
			defaultConfigurationName = Release;
		};
		55CE18922932720F007575B6 /* Build configuration list for PBXNativeTarget "ToothpickLayout" */ = {
			isa = XCConfigurationList;
			buildConfigurations = (
				55CE18932932720F007575B6 /* Debug */,
				55CE18942932720F007575B6 /* Release */,
			);
			defaultConfigurationIsVisible = 0;
			defaultConfigurationName = Release;
		};
/* End XCConfigurationList section */

/* Begin XCRemoteSwiftPackageReference section */
		55CE189B29327FD3007575B6 /* XCRemoteSwiftPackageReference "SVGView" */ = {
			isa = XCRemoteSwiftPackageReference;
			repositoryURL = "https://github.com/exyte/SVGView.git";
			requirement = {
				kind = upToNextMajorVersion;
				minimumVersion = 1.0.0;
			};
		};
/* End XCRemoteSwiftPackageReference section */

/* Begin XCSwiftPackageProductDependency section */
		55CE189C29327FD3007575B6 /* SVGView */ = {
			isa = XCSwiftPackageProductDependency;
			package = 55CE189B29327FD3007575B6 /* XCRemoteSwiftPackageReference "SVGView" */;
			productName = SVGView;
		};
/* End XCSwiftPackageProductDependency section */
	};
	rootObject = 55CE187B2932720B007575B6 /* Project object */;
}
